Microsoft Visual Studio Solution File, Format Version 12.00
# Visual Studio Version 17
VisualStudioVersion = 17.14.36203.30 d17.14
MinimumVisualStudioVersion = 10.0.40219.1
Project("{FAE04EC0-301F-11D3-BF4B-00C04F79EFBC}") = "LocalInternalAIChatBot.AppHost", "LocalInternalAIChatBot.AppHost\LocalInternalAIChatBot.AppHost.csproj", "{50E2913A-D15B-43BE-AEF7-3F86A39D9184}"
EndProject
Project("{FAE04EC0-301F-11D3-BF4B-00C04F79EFBC}") = "LocalInternalAIChatBot.ServiceDefaults", "LocalInternalAIChatBot.ServiceDefaults\LocalInternalAIChatBot.ServiceDefaults.csproj", "{3AD8D4D7-DD04-ADFA-0059-749E6E866CA3}"
EndProject
Project("{FAE04EC0-301F-11D3-BF4B-00C04F79EFBC}") = "LocalInternalAIChatBot.ApiService", "LocalInternalAIChatBot.ApiService\LocalInternalAIChatBot.ApiService.csproj", "{5707D44D-99F3-B16C-2F7C-291E03C1F931}"
EndProject
Project("{FAE04EC0-301F-11D3-BF4B-00C04F79EFBC}") = "LocalInternalAIChatBot.Web", "LocalInternalAIChatBot.Web\LocalInternalAIChatBot.Web.csproj", "{036E1862-29F4-0E72-F35F-5F089D084B6B}"
EndProject
Global
	GlobalSection(SolutionConfigurationPlatforms) = preSolution
		Debug|Any CPU = Debug|Any CPU
		Release|Any CPU = Release|Any CPU
	EndGlobalSection
	GlobalSection(ProjectConfigurationPlatforms) = postSolution
		{50E2913A-D15B-43BE-AEF7-3F86A39D9184}.Debug|Any CPU.ActiveCfg = Debug|Any CPU
		{50E2913A-D15B-43BE-AEF7-3F86A39D9184}.Debug|Any CPU.Build.0 = Debug|Any CPU
		{50E2913A-D15B-43BE-AEF7-3F86A39D9184}.Release|Any CPU.ActiveCfg = Release|Any CPU
		{50E2913A-D15B-43BE-AEF7-3F86A39D9184}.Release|Any CPU.Build.0 = Release|Any CPU
		{3AD8D4D7-DD04-ADFA-0059-749E6E866CA3}.Debug|Any CPU.ActiveCfg = Debug|Any CPU
		{3AD8D4D7-DD04-ADFA-0059-749E6E866CA3}.Debug|Any CPU.Build.0 = Debug|Any CPU
		{3AD8D4D7-DD04-ADFA-0059-749E6E866CA3}.Release|Any CPU.ActiveCfg = Release|Any CPU
		{3AD8D4D7-DD04-ADFA-0059-749E6E866CA3}.Release|Any CPU.Build.0 = Release|Any CPU
		{5707D44D-99F3-B16C-2F7C-291E03C1F931}.Debug|Any CPU.ActiveCfg = Debug|Any CPU
		{5707D44D-99F3-B16C-2F7C-291E03C1F931}.Debug|Any CPU.Build.0 = Debug|Any CPU
		{5707D44D-99F3-B16C-2F7C-291E03C1F931}.Release|Any CPU.ActiveCfg = Release|Any CPU
		{5707D44D-99F3-B16C-2F7C-291E03C1F931}.Release|Any CPU.Build.0 = Release|Any CPU
		{036E1862-29F4-0E72-F35F-5F089D084B6B}.Debug|Any CPU.ActiveCfg = Debug|Any CPU
		{036E1862-29F4-0E72-F35F-5F089D084B6B}.Debug|Any CPU.Build.0 = Debug|Any CPU
		{036E1862-29F4-0E72-F35F-5F089D084B6B}.Release|Any CPU.ActiveCfg = Release|Any CPU
		{036E1862-29F4-0E72-F35F-5F089D084B6B}.Release|Any CPU.Build.0 = Release|Any CPU
	EndGlobalSection
	GlobalSection(SolutionProperties) = preSolution
		HideSolutionNode = FALSE
	EndGlobalSection
	GlobalSection(ExtensibilityGlobals) = postSolution
		SolutionGuid = {0BD73D80-C4BE-4338-A07E-B8FA9826F886}
	EndGlobalSection
EndGlobal
